// !$*UTF8*$!
{
	archiveVersion = 1;
	classes = {
	};
	objectVersion = 46;
	objects = {

/* Begin PBXBuildFile section */
		3CF0588B1C85C04B008DD878 /* main.m in Sources */ = {isa = PBXBuildFile; fileRef = 3CF0588A1C85C04B008DD878 /* main.m */; };
		3CF0588E1C85C04B008DD878 /* AppDelegate.m in Sources */ = {isa = PBXBuildFile; fileRef = 3CF0588D1C85C04B008DD878 /* AppDelegate.m */; };
		3CF058971C85C04B008DD878 /* KSWeibo.xcdatamodeld in Sources */ = {isa = PBXBuildFile; fileRef = 3CF058951C85C04B008DD878 /* KSWeibo.xcdatamodeld */; };
		3CF058991C85C04B008DD878 /* Assets.xcassets in Resources */ = {isa = PBXBuildFile; fileRef = 3CF058981C85C04B008DD878 /* Assets.xcassets */; };
		3CF058A51C85C830008DD878 /* KSTabBarController.m in Sources */ = {isa = PBXBuildFile; fileRef = 3CF058A41C85C830008DD878 /* KSTabBarController.m */; };
/* End PBXBuildFile section */

/* Begin PBXFileReference section */
		3CF058861C85C04B008DD878 /* KSWeibo.app */ = {isa = PBXFileReference; explicitFileType = wrapper.application; includeInIndex = 0; path = KSWeibo.app; sourceTree = BUILT_PRODUCTS_DIR; };
		3CF0588A1C85C04B008DD878 /* main.m */ = {isa = PBXFileReference; lastKnownFileType = sourcecode.c.objc; path = main.m; sourceTree = "<group>"; };
		3CF0588C1C85C04B008DD878 /* AppDelegate.h */ = {isa = PBXFileReference; lastKnownFileType = sourcecode.c.h; path = AppDelegate.h; sourceTree = "<group>"; };
		3CF0588D1C85C04B008DD878 /* AppDelegate.m */ = {isa = PBXFileReference; lastKnownFileType = sourcecode.c.objc; path = AppDelegate.m; sourceTree = "<group>"; };
		3CF058961C85C04B008DD878 /* KSWeibo.xcdatamodel */ = {isa = PBXFileReference; lastKnownFileType = wrapper.xcdatamodel; path = KSWeibo.xcdatamodel; sourceTree = "<group>"; };
		3CF058981C85C04B008DD878 /* Assets.xcassets */ = {isa = PBXFileReference; lastKnownFileType = folder.assetcatalog; path = Assets.xcassets; sourceTree = "<group>"; };
		3CF0589D1C85C04B008DD878 /* Info.plist */ = {isa = PBXFileReference; lastKnownFileType = text.plist.xml; path = Info.plist; sourceTree = "<group>"; };
		3CF058A31C85C830008DD878 /* KSTabBarController.h */ = {isa = PBXFileReference; fileEncoding = 4; lastKnownFileType = sourcecode.c.h; path = KSTabBarController.h; sourceTree = "<group>"; };
		3CF058A41C85C830008DD878 /* KSTabBarController.m */ = {isa = PBXFileReference; fileEncoding = 4; lastKnownFileType = sourcecode.c.objc; path = KSTabBarController.m; sourceTree = "<group>"; };
/* End PBXFileReference section */

/* Begin PBXFrameworksBuildPhase section */
		3CF058831C85C04B008DD878 /* Frameworks */ = {
			isa = PBXFrameworksBuildPhase;
			buildActionMask = 2147483647;
			files = (
			);
			runOnlyForDeploymentPostprocessing = 0;
		};
/* End PBXFrameworksBuildPhase section */

/* Begin PBXGroup section */
		3CF0587D1C85C04B008DD878 = {
			isa = PBXGroup;
			children = (
				3CF058881C85C04B008DD878 /* KSWeibo */,
				3CF058871C85C04B008DD878 /* Products */,
			);
			sourceTree = "<group>";
		};
		3CF058871C85C04B008DD878 /* Products */ = {
			isa = PBXGroup;
			children = (
				3CF058861C85C04B008DD878 /* KSWeibo.app */,
			);
			name = Products;
			sourceTree = "<group>";
		};
		3CF058881C85C04B008DD878 /* KSWeibo */ = {
			isa = PBXGroup;
			children = (
				3CF0588C1C85C04B008DD878 /* AppDelegate.h */,
				3CF0588D1C85C04B008DD878 /* AppDelegate.m */,
				3CF058A31C85C830008DD878 /* KSTabBarController.h */,
				3CF058A41C85C830008DD878 /* KSTabBarController.m */,
				3CF0589D1C85C04B008DD878 /* Info.plist */,
				3CF058951C85C04B008DD878 /* KSWeibo.xcdatamodeld */,
				3CF058981C85C04B008DD878 /* Assets.xcassets */,
				3CF058891C85C04B008DD878 /* Supporting Files */,
			);
			path = KSWeibo;
			sourceTree = "<group>";
		};
		3CF058891C85C04B008DD878 /* Supporting Files */ = {
			isa = PBXGroup;
			children = (
				3CF0588A1C85C04B008DD878 /* main.m */,
			);
			name = "Supporting Files";
			sourceTree = "<group>";
		};
/* End PBXGroup section */

/* Begin PBXNativeTarget section */
		3CF058851C85C04B008DD878 /* KSWeibo */ = {
			isa = PBXNativeTarget;
			buildConfigurationList = 3CF058A01C85C04B008DD878 /* Build configuration list for PBXNativeTarget "KSWeibo" */;
			buildPhases = (
				3CF058821C85C04B008DD878 /* Sources */,
				3CF058831C85C04B008DD878 /* Frameworks */,
				3CF058841C85C04B008DD878 /* Resources */,
			);
			buildRules = (
			);
			dependencies = (
			);
			name = KSWeibo;
			productName = KSWeibo;
			productReference = 3CF058861C85C04B008DD878 /* KSWeibo.app */;
			productType = "com.apple.product-type.application";
		};
/* End PBXNativeTarget section */

/* Begin PBXProject section */
		3CF0587E1C85C04B008DD878 /* Project object */ = {
			isa = PBXProject;
			attributes = {
				CLASSPREFIX = KS;
				LastUpgradeCheck = 0720;
				ORGANIZATIONNAME = kamy;
				TargetAttributes = {
					3CF058851C85C04B008DD878 = {
						CreatedOnToolsVersion = 7.2.1;
					};
				};
			};
			buildConfigurationList = 3CF058811C85C04B008DD878 /* Build configuration list for PBXProject "KSWeibo" */;
			compatibilityVersion = "Xcode 3.2";
			developmentRegion = English;
			hasScannedForEncodings = 0;
			knownRegions = (
				en,
				Base,
			);
			mainGroup = 3CF0587D1C85C04B008DD878;
			productRefGroup = 3CF058871C85C04B008DD878 /* Products */;
			projectDirPath = "";
			projectRoot = "";
			targets = (
				3CF058851C85C04B008DD878 /* KSWeibo */,
			);
		};
/* End PBXProject section */

/* Begin PBXResourcesBuildPhase section */
		3CF058841C85C04B008DD878 /* Resources */ = {
			isa = PBXResourcesBuildPhase;
			buildActionMask = 2147483647;
			files = (
				3CF058991C85C04B008DD878 /* Assets.xcassets in Resources */,
			);
			runOnlyForDeploymentPostprocessing = 0;
		};
/* End PBXResourcesBuildPhase section */

/* Begin PBXSourcesBuildPhase section */
		3CF058821C85C04B008DD878 /* Sources */ = {
			isa = PBXSourcesBuildPhase;
			buildActionMask = 2147483647;
			files = (
				3CF058971C85C04B008DD878 /* KSWeibo.xcdatamodeld in Sources */,
				3CF058A51C85C830008DD878 /* KSTabBarController.m in Sources */,
				3CF0588E1C85C04B008DD878 /* AppDelegate.m in Sources */,
				3CF0588B1C85C04B008DD878 /* main.m in Sources */,
			);
			runOnlyForDeploymentPostprocessing = 0;
		};
/* End PBXSourcesBuildPhase section */

/* Begin XCBuildConfiguration section */
		3CF0589E1C85C04B008DD878 /* Debug */ = {
			isa = XCBuildConfiguration;
			buildSettings = {
				ALWAYS_SEARCH_USER_PATHS = NO;
				CLANG_CXX_LANGUAGE_STANDARD = "gnu++0x";
				CLANG_CXX_LIBRARY = "libc++";
				CLANG_ENABLE_MODULES = YES;
				CLANG_ENABLE_OBJC_ARC = YES;
				CLANG_WARN_BOOL_CONVERSION = YES;
				CLANG_WARN_CONSTANT_CONVERSION = YES;
				CLANG_WARN_DIRECT_OBJC_ISA_USAGE = YES_ERROR;
				CLANG_WARN_EMPTY_BODY = YES;
				CLANG_WARN_ENUM_CONVERSION = YES;
				CLANG_WARN_INT_CONVERSION = YES;
				CLANG_WARN_OBJC_ROOT_CLASS = YES_ERROR;
				CLANG_WARN_UNREACHABLE_CODE = YES;
				CLANG_WARN__DUPLICATE_METHOD_MATCH = YES;
				"CODE_SIGN_IDENTITY[sdk=iphoneos*]" = "iPhone Developer";
				COPY_PHASE_STRIP = NO;
				DEBUG_INFORMATION_FORMAT = dwarf;
				ENABLE_STRICT_OBJC_MSGSEND = YES;
				ENABLE_TESTABILITY = YES;
				GCC_C_LANGUAGE_STANDARD = gnu99;
				GCC_DYNAMIC_NO_PIC = NO;
				GCC_NO_COMMON_BLOCKS = YES;
				GCC_OPTIMIZATION_LEVEL = 0;
				GCC_PREPROCESSOR_DEFINITIONS = (
					"DEBUG=1",
					"$(inherited)",
				);
				GCC_WARN_64_TO_32_BIT_CONVERSION = YES;
				GCC_WARN_ABOUT_RETURN_TYPE = YES_ERROR;
				GCC_WARN_UNDECLARED_SELECTOR = YES;
				GCC_WARN_UNINITIALIZED_AUTOS = YES_AGGRESSIVE;
				GCC_WARN_UNUSED_FUNCTION = YES;
				GCC_WARN_UNUSED_VARIABLE = YES;
				IPHONEOS_DEPLOYMENT_TARGET = 9.2;
				MTL_ENABLE_DEBUG_INFO = YES;
				ONLY_ACTIVE_ARCH = YES;
				SDKROOT = iphoneos;
			};
			name = Debug;
		};
		3CF0589F1C85C04B008DD878 /* Release */ = {
			isa = XCBuildConfiguration;
			buildSettings = {
				ALWAYS_SEARCH_USER_PATHS = NO;
				CLANG_CXX_LANGUAGE_STANDARD = "gnu++0x";
				CLANG_CXX_LIBRARY = "libc++";
				CLANG_ENABLE_MODULES = YES;
				CLANG_ENABLE_OBJC_ARC = YES;
				CLANG_WARN_BOOL_CONVERSION = YES;
				CLANG_WARN_CONSTANT_CONVERSION = YES;
				CLANG_WARN_DIRECT_OBJC_ISA_USAGE = YES_ERROR;
				CLANG_WARN_EMPTY_BODY = YES;
				CLANG_WARN_ENUM_CONVERSION = YES;
				CLANG_WARN_INT_CONVERSION = YES;
				CLANG_WARN_OBJC_ROOT_CLASS = YES_ERROR;
				CLANG_WARN_UNREACHABLE_CODE = YES;
				CLANG_WARN__DUPLICATE_METHOD_MATCH = YES;
				"CODE_SIGN_IDENTITY[sdk=iphoneos*]" = "iPhone Developer";
				COPY_PHASE_STRIP = NO;
				DEBUG_INFORMATION_FORMAT = "dwarf-with-dsym";
				ENABLE_NS_ASSERTIONS = NO;
				ENABLE_STRICT_OBJC_MSGSEND = YES;
				GCC_C_LANGUAGE_STANDARD = gnu99;
				GCC_NO_COMMON_BLOCKS = YES;
				GCC_WARN_64_TO_32_BIT_CONVERSION = YES;
				GCC_WARN_ABOUT_RETURN_TYPE = YES_ERROR;
				GCC_WARN_UNDECLARED_SELECTOR = YES;
				GCC_WARN_UNINITIALIZED_AUTOS = YES_AGGRESSIVE;
				GCC_WARN_UNUSED_FUNCTION = YES;
				GCC_WARN_UNUSED_VARIABLE = YES;
				IPHONEOS_DEPLOYMENT_TARGET = 9.2;
				MTL_ENABLE_DEBUG_INFO = NO;
				SDKROOT = iphoneos;
				VALIDATE_PRODUCT = YES;
			};
			name = Release;
		};
		3CF058A11C85C04B008DD878 /* Debug */ = {
			isa = XCBuildConfiguration;
			buildSettings = {
				ASSETCATALOG_COMPILER_APPICON_NAME = AppIcon;
				ASSETCATALOG_COMPILER_LAUNCHIMAGE_NAME = LaunchImage;
				INFOPLIST_FILE = KSWeibo/Info.plist;
				IPHONEOS_DEPLOYMENT_TARGET = 8.0;
				LD_RUNPATH_SEARCH_PATHS = "$(inherited) @executable_path/Frameworks";
				PRODUCT_BUNDLE_IDENTIFIER = com.kamy.study.KSWeibo;
				PRODUCT_NAME = "$(TARGET_NAME)";
			};
			name = Debug;
		};
		3CF058A21C85C04B008DD878 /* Release */ = {
			isa = XCBuildConfiguration;
			buildSettings = {
				ASSETCATALOG_COMPILER_APPICON_NAME = AppIcon;
				ASSETCATALOG_COMPILER_LAUNCHIMAGE_NAME = LaunchImage;
				INFOPLIST_FILE = KSWeibo/Info.plist;
				IPHONEOS_DEPLOYMENT_TARGET = 8.0;
				LD_RUNPATH_SEARCH_PATHS = "$(inherited) @executable_path/Frameworks";
				PRODUCT_BUNDLE_IDENTIFIER = com.kamy.study.KSWeibo;
				PRODUCT_NAME = "$(TARGET_NAME)";
			};
			name = Release;
		};
/* End XCBuildConfiguration section */

/* Begin XCConfigurationList section */
		3CF058811C85C04B008DD878 /* Build configuration list for PBXProject "KSWeibo" */ = {
			isa = XCConfigurationList;
			buildConfigurations = (
				3CF0589E1C85C04B008DD878 /* Debug */,
				3CF0589F1C85C04B008DD878 /* Release */,
			);
			defaultConfigurationIsVisible = 0;
			defaultConfigurationName = Release;
		};
		3CF058A01C85C04B008DD878 /* Build configuration list for PBXNativeTarget "KSWeibo" */ = {
			isa = XCConfigurationList;
			buildConfigurations = (
				3CF058A11C85C04B008DD878 /* Debug */,
				3CF058A21C85C04B008DD878 /* Release */,
			);
			defaultConfigurationIsVisible = 0;
		};
/* End XCConfigurationList section */

/* Begin XCVersionGroup section */
		3CF058951C85C04B008DD878 /* KSWeibo.xcdatamodeld */ = {
			isa = XCVersionGroup;
			children = (
				3CF058961C85C04B008DD878 /* KSWeibo.xcdatamodel */,
			);
			currentVersion = 3CF058961C85C04B008DD878 /* KSWeibo.xcdatamodel */;
			path = KSWeibo.xcdatamodeld;
			sourceTree = "<group>";
			versionGroupType = wrapper.xcdatamodel;
		};
/* End XCVersionGroup section */
	};
	rootObject = 3CF0587E1C85C04B008DD878 /* Project object */;
}
