// !$*UTF8*$!
{
	archiveVersion = 1;
	classes = {
	};
	objectVersion = 46;
	objects = {

/* Begin PBXBuildFile section */
		3C16599B1C90656700A27806 /* main.m in Sources */ = {isa = PBXBuildFile; fileRef = 3C16599A1C90656700A27806 /* main.m */; };
		3C16599E1C90656700A27806 /* AppDelegate.m in Sources */ = {isa = PBXBuildFile; fileRef = 3C16599D1C90656700A27806 /* AppDelegate.m */; };
		3C1659A41C90656700A27806 /* Main.storyboard in Resources */ = {isa = PBXBuildFile; fileRef = 3C1659A21C90656700A27806 /* Main.storyboard */; };
		3C1659A71C90656700A27806 /* KSLocation.xcdatamodeld in Sources */ = {isa = PBXBuildFile; fileRef = 3C1659A51C90656700A27806 /* KSLocation.xcdatamodeld */; };
		3C1659A91C90656700A27806 /* Assets.xcassets in Resources */ = {isa = PBXBuildFile; fileRef = 3C1659A81C90656700A27806 /* Assets.xcassets */; };
		3C1659AC1C90656700A27806 /* LaunchScreen.storyboard in Resources */ = {isa = PBXBuildFile; fileRef = 3C1659AA1C90656700A27806 /* LaunchScreen.storyboard */; };
		3C1659B51C9065B600A27806 /* KSViewController.m in Sources */ = {isa = PBXBuildFile; fileRef = 3C1659B41C9065B600A27806 /* KSViewController.m */; };
/* End PBXBuildFile section */

/* Begin PBXFileReference section */
		3C1659961C90656700A27806 /* KSLocation.app */ = {isa = PBXFileReference; explicitFileType = wrapper.application; includeInIndex = 0; path = KSLocation.app; sourceTree = BUILT_PRODUCTS_DIR; };
		3C16599A1C90656700A27806 /* main.m */ = {isa = PBXFileReference; lastKnownFileType = sourcecode.c.objc; path = main.m; sourceTree = "<group>"; };
		3C16599C1C90656700A27806 /* AppDelegate.h */ = {isa = PBXFileReference; lastKnownFileType = sourcecode.c.h; path = AppDelegate.h; sourceTree = "<group>"; };
		3C16599D1C90656700A27806 /* AppDelegate.m */ = {isa = PBXFileReference; lastKnownFileType = sourcecode.c.objc; path = AppDelegate.m; sourceTree = "<group>"; };
		3C1659A31C90656700A27806 /* Base */ = {isa = PBXFileReference; lastKnownFileType = file.storyboard; name = Base; path = Base.lproj/Main.storyboard; sourceTree = "<group>"; };
		3C1659A61C90656700A27806 /* KSLocation.xcdatamodel */ = {isa = PBXFileReference; lastKnownFileType = wrapper.xcdatamodel; path = KSLocation.xcdatamodel; sourceTree = "<group>"; };
		3C1659A81C90656700A27806 /* Assets.xcassets */ = {isa = PBXFileReference; lastKnownFileType = folder.assetcatalog; path = Assets.xcassets; sourceTree = "<group>"; };
		3C1659AB1C90656700A27806 /* Base */ = {isa = PBXFileReference; lastKnownFileType = file.storyboard; name = Base; path = Base.lproj/LaunchScreen.storyboard; sourceTree = "<group>"; };
		3C1659AD1C90656700A27806 /* Info.plist */ = {isa = PBXFileReference; lastKnownFileType = text.plist.xml; path = Info.plist; sourceTree = "<group>"; };
		3C1659B31C9065B600A27806 /* KSViewController.h */ = {isa = PBXFileReference; fileEncoding = 4; lastKnownFileType = sourcecode.c.h; path = KSViewController.h; sourceTree = "<group>"; };
		3C1659B41C9065B600A27806 /* KSViewController.m */ = {isa = PBXFileReference; fileEncoding = 4; lastKnownFileType = sourcecode.c.objc; path = KSViewController.m; sourceTree = "<group>"; };
/* End PBXFileReference section */

/* Begin PBXFrameworksBuildPhase section */
		3C1659931C90656700A27806 /* Frameworks */ = {
			isa = PBXFrameworksBuildPhase;
			buildActionMask = 2147483647;
			files = (
			);
			runOnlyForDeploymentPostprocessing = 0;
		};
/* End PBXFrameworksBuildPhase section */

/* Begin PBXGroup section */
		3C16598D1C90656700A27806 = {
			isa = PBXGroup;
			children = (
				3C1659981C90656700A27806 /* KSLocation */,
				3C1659971C90656700A27806 /* Products */,
			);
			sourceTree = "<group>";
		};
		3C1659971C90656700A27806 /* Products */ = {
			isa = PBXGroup;
			children = (
				3C1659961C90656700A27806 /* KSLocation.app */,
			);
			name = Products;
			sourceTree = "<group>";
		};
		3C1659981C90656700A27806 /* KSLocation */ = {
			isa = PBXGroup;
			children = (
				3C16599C1C90656700A27806 /* AppDelegate.h */,
				3C16599D1C90656700A27806 /* AppDelegate.m */,
				3C1659B31C9065B600A27806 /* KSViewController.h */,
				3C1659B41C9065B600A27806 /* KSViewController.m */,
				3C1659A21C90656700A27806 /* Main.storyboard */,
				3C1659A81C90656700A27806 /* Assets.xcassets */,
				3C1659AA1C90656700A27806 /* LaunchScreen.storyboard */,
				3C1659AD1C90656700A27806 /* Info.plist */,
				3C1659A51C90656700A27806 /* KSLocation.xcdatamodeld */,
				3C1659991C90656700A27806 /* Supporting Files */,
			);
			path = KSLocation;
			sourceTree = "<group>";
		};
		3C1659991C90656700A27806 /* Supporting Files */ = {
			isa = PBXGroup;
			children = (
				3C16599A1C90656700A27806 /* main.m */,
			);
			name = "Supporting Files";
			sourceTree = "<group>";
		};
/* End PBXGroup section */

/* Begin PBXNativeTarget section */
		3C1659951C90656700A27806 /* KSLocation */ = {
			isa = PBXNativeTarget;
			buildConfigurationList = 3C1659B01C90656700A27806 /* Build configuration list for PBXNativeTarget "KSLocation" */;
			buildPhases = (
				3C1659921C90656700A27806 /* Sources */,
				3C1659931C90656700A27806 /* Frameworks */,
				3C1659941C90656700A27806 /* Resources */,
			);
			buildRules = (
			);
			dependencies = (
			);
			name = KSLocation;
			productName = KSLocation;
			productReference = 3C1659961C90656700A27806 /* KSLocation.app */;
			productType = "com.apple.product-type.application";
		};
/* End PBXNativeTarget section */

/* Begin PBXProject section */
		3C16598E1C90656700A27806 /* Project object */ = {
			isa = PBXProject;
			attributes = {
				LastUpgradeCheck = 0720;
				ORGANIZATIONNAME = kamy;
				TargetAttributes = {
					3C1659951C90656700A27806 = {
						CreatedOnToolsVersion = 7.2.1;
					};
				};
			};
			buildConfigurationList = 3C1659911C90656700A27806 /* Build configuration list for PBXProject "KSLocation" */;
			compatibilityVersion = "Xcode 3.2";
			developmentRegion = English;
			hasScannedForEncodings = 0;
			knownRegions = (
				en,
				Base,
			);
			mainGroup = 3C16598D1C90656700A27806;
			productRefGroup = 3C1659971C90656700A27806 /* Products */;
			projectDirPath = "";
			projectRoot = "";
			targets = (
				3C1659951C90656700A27806 /* KSLocation */,
			);
		};
/* End PBXProject section */

/* Begin PBXResourcesBuildPhase section */
		3C1659941C90656700A27806 /* Resources */ = {
			isa = PBXResourcesBuildPhase;
			buildActionMask = 2147483647;
			files = (
				3C1659AC1C90656700A27806 /* LaunchScreen.storyboard in Resources */,
				3C1659A91C90656700A27806 /* Assets.xcassets in Resources */,
				3C1659A41C90656700A27806 /* Main.storyboard in Resources */,
			);
			runOnlyForDeploymentPostprocessing = 0;
		};
/* End PBXResourcesBuildPhase section */

/* Begin PBXSourcesBuildPhase section */
		3C1659921C90656700A27806 /* Sources */ = {
			isa = PBXSourcesBuildPhase;
			buildActionMask = 2147483647;
			files = (
				3C16599E1C90656700A27806 /* AppDelegate.m in Sources */,
				3C1659A71C90656700A27806 /* KSLocation.xcdatamodeld in Sources */,
				3C1659B51C9065B600A27806 /* KSViewController.m in Sources */,
				3C16599B1C90656700A27806 /* main.m in Sources */,
			);
			runOnlyForDeploymentPostprocessing = 0;
		};
/* End PBXSourcesBuildPhase section */

/* Begin PBXVariantGroup section */
		3C1659A21C90656700A27806 /* Main.storyboard */ = {
			isa = PBXVariantGroup;
			children = (
				3C1659A31C90656700A27806 /* Base */,
			);
			name = Main.storyboard;
			sourceTree = "<group>";
		};
		3C1659AA1C90656700A27806 /* LaunchScreen.storyboard */ = {
			isa = PBXVariantGroup;
			children = (
				3C1659AB1C90656700A27806 /* Base */,
			);
			name = LaunchScreen.storyboard;
			sourceTree = "<group>";
		};
/* End PBXVariantGroup section */

/* Begin XCBuildConfiguration section */
		3C1659AE1C90656700A27806 /* Debug */ = {
			isa = XCBuildConfiguration;
			buildSettings = {
				ALWAYS_SEARCH_USER_PATHS = NO;
				CLANG_CXX_LANGUAGE_STANDARD = "gnu++0x";
				CLANG_CXX_LIBRARY = "libc++";
				CLANG_ENABLE_MODULES = YES;
				CLANG_ENABLE_OBJC_ARC = YES;
				CLANG_WARN_BOOL_CONVERSION = YES;
				CLANG_WARN_CONSTANT_CONVERSION = YES;
				CLANG_WARN_DIRECT_OBJC_ISA_USAGE = YES_ERROR;
				CLANG_WARN_EMPTY_BODY = YES;
				CLANG_WARN_ENUM_CONVERSION = YES;
				CLANG_WARN_INT_CONVERSION = YES;
				CLANG_WARN_OBJC_ROOT_CLASS = YES_ERROR;
				CLANG_WARN_UNREACHABLE_CODE = YES;
				CLANG_WARN__DUPLICATE_METHOD_MATCH = YES;
				"CODE_SIGN_IDENTITY[sdk=iphoneos*]" = "iPhone Developer";
				COPY_PHASE_STRIP = NO;
				DEBUG_INFORMATION_FORMAT = dwarf;
				ENABLE_STRICT_OBJC_MSGSEND = YES;
				ENABLE_TESTABILITY = YES;
				GCC_C_LANGUAGE_STANDARD = gnu99;
				GCC_DYNAMIC_NO_PIC = NO;
				GCC_NO_COMMON_BLOCKS = YES;
				GCC_OPTIMIZATION_LEVEL = 0;
				GCC_PREPROCESSOR_DEFINITIONS = (
					"DEBUG=1",
					"$(inherited)",
				);
				GCC_WARN_64_TO_32_BIT_CONVERSION = YES;
				GCC_WARN_ABOUT_RETURN_TYPE = YES_ERROR;
				GCC_WARN_UNDECLARED_SELECTOR = YES;
				GCC_WARN_UNINITIALIZED_AUTOS = YES_AGGRESSIVE;
				GCC_WARN_UNUSED_FUNCTION = YES;
				GCC_WARN_UNUSED_VARIABLE = YES;
				IPHONEOS_DEPLOYMENT_TARGET = 9.2;
				MTL_ENABLE_DEBUG_INFO = YES;
				ONLY_ACTIVE_ARCH = YES;
				SDKROOT = iphoneos;
			};
			name = Debug;
		};
		3C1659AF1C90656700A27806 /* Release */ = {
			isa = XCBuildConfiguration;
			buildSettings = {
				ALWAYS_SEARCH_USER_PATHS = NO;
				CLANG_CXX_LANGUAGE_STANDARD = "gnu++0x";
				CLANG_CXX_LIBRARY = "libc++";
				CLANG_ENABLE_MODULES = YES;
				CLANG_ENABLE_OBJC_ARC = YES;
				CLANG_WARN_BOOL_CONVERSION = YES;
				CLANG_WARN_CONSTANT_CONVERSION = YES;
				CLANG_WARN_DIRECT_OBJC_ISA_USAGE = YES_ERROR;
				CLANG_WARN_EMPTY_BODY = YES;
				CLANG_WARN_ENUM_CONVERSION = YES;
				CLANG_WARN_INT_CONVERSION = YES;
				CLANG_WARN_OBJC_ROOT_CLASS = YES_ERROR;
				CLANG_WARN_UNREACHABLE_CODE = YES;
				CLANG_WARN__DUPLICATE_METHOD_MATCH = YES;
				"CODE_SIGN_IDENTITY[sdk=iphoneos*]" = "iPhone Developer";
				COPY_PHASE_STRIP = NO;
				DEBUG_INFORMATION_FORMAT = "dwarf-with-dsym";
				ENABLE_NS_ASSERTIONS = NO;
				ENABLE_STRICT_OBJC_MSGSEND = YES;
				GCC_C_LANGUAGE_STANDARD = gnu99;
				GCC_NO_COMMON_BLOCKS = YES;
				GCC_WARN_64_TO_32_BIT_CONVERSION = YES;
				GCC_WARN_ABOUT_RETURN_TYPE = YES_ERROR;
				GCC_WARN_UNDECLARED_SELECTOR = YES;
				GCC_WARN_UNINITIALIZED_AUTOS = YES_AGGRESSIVE;
				GCC_WARN_UNUSED_FUNCTION = YES;
				GCC_WARN_UNUSED_VARIABLE = YES;
				IPHONEOS_DEPLOYMENT_TARGET = 9.2;
				MTL_ENABLE_DEBUG_INFO = NO;
				SDKROOT = iphoneos;
				VALIDATE_PRODUCT = YES;
			};
			name = Release;
		};
		3C1659B11C90656700A27806 /* Debug */ = {
			isa = XCBuildConfiguration;
			buildSettings = {
				ASSETCATALOG_COMPILER_APPICON_NAME = AppIcon;
				INFOPLIST_FILE = KSLocation/Info.plist;
				LD_RUNPATH_SEARCH_PATHS = "$(inherited) @executable_path/Frameworks";
				PRODUCT_BUNDLE_IDENTIFIER = com.kamy.study.KSLocation;
				PRODUCT_NAME = "$(TARGET_NAME)";
			};
			name = Debug;
		};
		3C1659B21C90656700A27806 /* Release */ = {
			isa = XCBuildConfiguration;
			buildSettings = {
				ASSETCATALOG_COMPILER_APPICON_NAME = AppIcon;
				INFOPLIST_FILE = KSLocation/Info.plist;
				LD_RUNPATH_SEARCH_PATHS = "$(inherited) @executable_path/Frameworks";
				PRODUCT_BUNDLE_IDENTIFIER = com.kamy.study.KSLocation;
				PRODUCT_NAME = "$(TARGET_NAME)";
			};
			name = Release;
		};
/* End XCBuildConfiguration section */

/* Begin XCConfigurationList section */
		3C1659911C90656700A27806 /* Build configuration list for PBXProject "KSLocation" */ = {
			isa = XCConfigurationList;
			buildConfigurations = (
				3C1659AE1C90656700A27806 /* Debug */,
				3C1659AF1C90656700A27806 /* Release */,
			);
			defaultConfigurationIsVisible = 0;
			defaultConfigurationName = Release;
		};
		3C1659B01C90656700A27806 /* Build configuration list for PBXNativeTarget "KSLocation" */ = {
			isa = XCConfigurationList;
			buildConfigurations = (
				3C1659B11C90656700A27806 /* Debug */,
				3C1659B21C90656700A27806 /* Release */,
			);
			defaultConfigurationIsVisible = 0;
		};
/* End XCConfigurationList section */

/* Begin XCVersionGroup section */
		3C1659A51C90656700A27806 /* KSLocation.xcdatamodeld */ = {
			isa = XCVersionGroup;
			children = (
				3C1659A61C90656700A27806 /* KSLocation.xcdatamodel */,
			);
			currentVersion = 3C1659A61C90656700A27806 /* KSLocation.xcdatamodel */;
			path = KSLocation.xcdatamodeld;
			sourceTree = "<group>";
			versionGroupType = wrapper.xcdatamodel;
		};
/* End XCVersionGroup section */
	};
	rootObject = 3C16598E1C90656700A27806 /* Project object */;
}
