// !$*UTF8*$!
{
	archiveVersion = 1;
	classes = {
	};
	objectVersion = 46;
	objects = {

/* Begin PBXBuildFile section */
		3C480FA91C74501200E37CCF /* main.m in Sources */ = {isa = PBXBuildFile; fileRef = 3C480FA81C74501200E37CCF /* main.m */; };
		3C480FAC1C74501200E37CCF /* AppDelegate.m in Sources */ = {isa = PBXBuildFile; fileRef = 3C480FAB1C74501200E37CCF /* AppDelegate.m */; };
		3C480FAF1C74501200E37CCF /* ViewController.m in Sources */ = {isa = PBXBuildFile; fileRef = 3C480FAE1C74501200E37CCF /* ViewController.m */; };
		3C480FB41C74501200E37CCF /* Assets.xcassets in Resources */ = {isa = PBXBuildFile; fileRef = 3C480FB31C74501200E37CCF /* Assets.xcassets */; };
		3C480FB71C74501200E37CCF /* LaunchScreen.storyboard in Resources */ = {isa = PBXBuildFile; fileRef = 3C480FB51C74501200E37CCF /* LaunchScreen.storyboard */; };
		3C480FC41C74547700E37CCF /* CollectionImageView.m in Sources */ = {isa = PBXBuildFile; fileRef = 3C480FC31C74547700E37CCF /* CollectionImageView.m */; };
		3C480FC71C7454AF00E37CCF /* CollectionImageCell.m in Sources */ = {isa = PBXBuildFile; fileRef = 3C480FC61C7454AF00E37CCF /* CollectionImageCell.m */; };
		3CF6DFAA1C99853700EE3A3B /* NSData+ImageContentType.m in Sources */ = {isa = PBXBuildFile; fileRef = 3CF6DF8E1C99853700EE3A3B /* NSData+ImageContentType.m */; };
		3CF6DFAB1C99853700EE3A3B /* SDImageCache.m in Sources */ = {isa = PBXBuildFile; fileRef = 3CF6DF901C99853700EE3A3B /* SDImageCache.m */; };
		3CF6DFAC1C99853700EE3A3B /* SDWebImageCompat.m in Sources */ = {isa = PBXBuildFile; fileRef = 3CF6DF921C99853700EE3A3B /* SDWebImageCompat.m */; };
		3CF6DFAD1C99853700EE3A3B /* SDWebImageDecoder.m in Sources */ = {isa = PBXBuildFile; fileRef = 3CF6DF941C99853700EE3A3B /* SDWebImageDecoder.m */; };
		3CF6DFAE1C99853700EE3A3B /* SDWebImageDownloader.m in Sources */ = {isa = PBXBuildFile; fileRef = 3CF6DF961C99853700EE3A3B /* SDWebImageDownloader.m */; };
		3CF6DFAF1C99853700EE3A3B /* SDWebImageDownloaderOperation.m in Sources */ = {isa = PBXBuildFile; fileRef = 3CF6DF981C99853700EE3A3B /* SDWebImageDownloaderOperation.m */; };
		3CF6DFB01C99853700EE3A3B /* SDWebImageManager.m in Sources */ = {isa = PBXBuildFile; fileRef = 3CF6DF9A1C99853700EE3A3B /* SDWebImageManager.m */; };
		3CF6DFB11C99853700EE3A3B /* SDWebImagePrefetcher.m in Sources */ = {isa = PBXBuildFile; fileRef = 3CF6DF9D1C99853700EE3A3B /* SDWebImagePrefetcher.m */; };
		3CF6DFB21C99853700EE3A3B /* UIButton+WebCache.m in Sources */ = {isa = PBXBuildFile; fileRef = 3CF6DF9F1C99853700EE3A3B /* UIButton+WebCache.m */; };
		3CF6DFB31C99853700EE3A3B /* UIImage+GIF.m in Sources */ = {isa = PBXBuildFile; fileRef = 3CF6DFA11C99853700EE3A3B /* UIImage+GIF.m */; };
		3CF6DFB41C99853700EE3A3B /* UIImage+MultiFormat.m in Sources */ = {isa = PBXBuildFile; fileRef = 3CF6DFA31C99853700EE3A3B /* UIImage+MultiFormat.m */; };
		3CF6DFB51C99853700EE3A3B /* UIImageView+HighlightedWebCache.m in Sources */ = {isa = PBXBuildFile; fileRef = 3CF6DFA51C99853700EE3A3B /* UIImageView+HighlightedWebCache.m */; };
		3CF6DFB61C99853700EE3A3B /* UIImageView+WebCache.m in Sources */ = {isa = PBXBuildFile; fileRef = 3CF6DFA71C99853700EE3A3B /* UIImageView+WebCache.m */; };
		3CF6DFB71C99853700EE3A3B /* UIView+WebCacheOperation.m in Sources */ = {isa = PBXBuildFile; fileRef = 3CF6DFA91C99853700EE3A3B /* UIView+WebCacheOperation.m */; };
/* End PBXBuildFile section */

/* Begin PBXFileReference section */
		3C480FA41C74501200E37CCF /* CollectionView轮播图.app */ = {isa = PBXFileReference; explicitFileType = wrapper.application; includeInIndex = 0; path = "CollectionView轮播图.app"; sourceTree = BUILT_PRODUCTS_DIR; };
		3C480FA81C74501200E37CCF /* main.m */ = {isa = PBXFileReference; lastKnownFileType = sourcecode.c.objc; path = main.m; sourceTree = "<group>"; };
		3C480FAA1C74501200E37CCF /* AppDelegate.h */ = {isa = PBXFileReference; lastKnownFileType = sourcecode.c.h; path = AppDelegate.h; sourceTree = "<group>"; };
		3C480FAB1C74501200E37CCF /* AppDelegate.m */ = {isa = PBXFileReference; lastKnownFileType = sourcecode.c.objc; path = AppDelegate.m; sourceTree = "<group>"; };
		3C480FAD1C74501200E37CCF /* ViewController.h */ = {isa = PBXFileReference; lastKnownFileType = sourcecode.c.h; path = ViewController.h; sourceTree = "<group>"; };
		3C480FAE1C74501200E37CCF /* ViewController.m */ = {isa = PBXFileReference; lastKnownFileType = sourcecode.c.objc; path = ViewController.m; sourceTree = "<group>"; };
		3C480FB31C74501200E37CCF /* Assets.xcassets */ = {isa = PBXFileReference; lastKnownFileType = folder.assetcatalog; path = Assets.xcassets; sourceTree = "<group>"; };
		3C480FB61C74501200E37CCF /* Base */ = {isa = PBXFileReference; lastKnownFileType = file.storyboard; name = Base; path = Base.lproj/LaunchScreen.storyboard; sourceTree = "<group>"; };
		3C480FB81C74501200E37CCF /* Info.plist */ = {isa = PBXFileReference; lastKnownFileType = text.plist.xml; path = Info.plist; sourceTree = "<group>"; };
		3C480FC21C74547700E37CCF /* CollectionImageView.h */ = {isa = PBXFileReference; fileEncoding = 4; lastKnownFileType = sourcecode.c.h; path = CollectionImageView.h; sourceTree = "<group>"; };
		3C480FC31C74547700E37CCF /* CollectionImageView.m */ = {isa = PBXFileReference; fileEncoding = 4; lastKnownFileType = sourcecode.c.objc; path = CollectionImageView.m; sourceTree = "<group>"; };
		3C480FC51C7454AF00E37CCF /* CollectionImageCell.h */ = {isa = PBXFileReference; fileEncoding = 4; lastKnownFileType = sourcecode.c.h; path = CollectionImageCell.h; sourceTree = "<group>"; };
		3C480FC61C7454AF00E37CCF /* CollectionImageCell.m */ = {isa = PBXFileReference; fileEncoding = 4; lastKnownFileType = sourcecode.c.objc; path = CollectionImageCell.m; sourceTree = "<group>"; };
		3CF6DF8D1C99853700EE3A3B /* NSData+ImageContentType.h */ = {isa = PBXFileReference; fileEncoding = 4; lastKnownFileType = sourcecode.c.h; path = "NSData+ImageContentType.h"; sourceTree = "<group>"; };
		3CF6DF8E1C99853700EE3A3B /* NSData+ImageContentType.m */ = {isa = PBXFileReference; fileEncoding = 4; lastKnownFileType = sourcecode.c.objc; path = "NSData+ImageContentType.m"; sourceTree = "<group>"; };
		3CF6DF8F1C99853700EE3A3B /* SDImageCache.h */ = {isa = PBXFileReference; fileEncoding = 4; lastKnownFileType = sourcecode.c.h; path = SDImageCache.h; sourceTree = "<group>"; };
		3CF6DF901C99853700EE3A3B /* SDImageCache.m */ = {isa = PBXFileReference; fileEncoding = 4; lastKnownFileType = sourcecode.c.objc; path = SDImageCache.m; sourceTree = "<group>"; };
		3CF6DF911C99853700EE3A3B /* SDWebImageCompat.h */ = {isa = PBXFileReference; fileEncoding = 4; lastKnownFileType = sourcecode.c.h; path = SDWebImageCompat.h; sourceTree = "<group>"; };
		3CF6DF921C99853700EE3A3B /* SDWebImageCompat.m */ = {isa = PBXFileReference; fileEncoding = 4; lastKnownFileType = sourcecode.c.objc; path = SDWebImageCompat.m; sourceTree = "<group>"; };
		3CF6DF931C99853700EE3A3B /* SDWebImageDecoder.h */ = {isa = PBXFileReference; fileEncoding = 4; lastKnownFileType = sourcecode.c.h; path = SDWebImageDecoder.h; sourceTree = "<group>"; };
		3CF6DF941C99853700EE3A3B /* SDWebImageDecoder.m */ = {isa = PBXFileReference; fileEncoding = 4; lastKnownFileType = sourcecode.c.objc; path = SDWebImageDecoder.m; sourceTree = "<group>"; };
		3CF6DF951C99853700EE3A3B /* SDWebImageDownloader.h */ = {isa = PBXFileReference; fileEncoding = 4; lastKnownFileType = sourcecode.c.h; path = SDWebImageDownloader.h; sourceTree = "<group>"; };
		3CF6DF961C99853700EE3A3B /* SDWebImageDownloader.m */ = {isa = PBXFileReference; fileEncoding = 4; lastKnownFileType = sourcecode.c.objc; path = SDWebImageDownloader.m; sourceTree = "<group>"; };
		3CF6DF971C99853700EE3A3B /* SDWebImageDownloaderOperation.h */ = {isa = PBXFileReference; fileEncoding = 4; lastKnownFileType = sourcecode.c.h; path = SDWebImageDownloaderOperation.h; sourceTree = "<group>"; };
		3CF6DF981C99853700EE3A3B /* SDWebImageDownloaderOperation.m */ = {isa = PBXFileReference; fileEncoding = 4; lastKnownFileType = sourcecode.c.objc; path = SDWebImageDownloaderOperation.m; sourceTree = "<group>"; };
		3CF6DF991C99853700EE3A3B /* SDWebImageManager.h */ = {isa = PBXFileReference; fileEncoding = 4; lastKnownFileType = sourcecode.c.h; path = SDWebImageManager.h; sourceTree = "<group>"; };
		3CF6DF9A1C99853700EE3A3B /* SDWebImageManager.m */ = {isa = PBXFileReference; fileEncoding = 4; lastKnownFileType = sourcecode.c.objc; path = SDWebImageManager.m; sourceTree = "<group>"; };
		3CF6DF9B1C99853700EE3A3B /* SDWebImageOperation.h */ = {isa = PBXFileReference; fileEncoding = 4; lastKnownFileType = sourcecode.c.h; path = SDWebImageOperation.h; sourceTree = "<group>"; };
		3CF6DF9C1C99853700EE3A3B /* SDWebImagePrefetcher.h */ = {isa = PBXFileReference; fileEncoding = 4; lastKnownFileType = sourcecode.c.h; path = SDWebImagePrefetcher.h; sourceTree = "<group>"; };
		3CF6DF9D1C99853700EE3A3B /* SDWebImagePrefetcher.m */ = {isa = PBXFileReference; fileEncoding = 4; lastKnownFileType = sourcecode.c.objc; path = SDWebImagePrefetcher.m; sourceTree = "<group>"; };
		3CF6DF9E1C99853700EE3A3B /* UIButton+WebCache.h */ = {isa = PBXFileReference; fileEncoding = 4; lastKnownFileType = sourcecode.c.h; path = "UIButton+WebCache.h"; sourceTree = "<group>"; };
		3CF6DF9F1C99853700EE3A3B /* UIButton+WebCache.m */ = {isa = PBXFileReference; fileEncoding = 4; lastKnownFileType = sourcecode.c.objc; path = "UIButton+WebCache.m"; sourceTree = "<group>"; };
		3CF6DFA01C99853700EE3A3B /* UIImage+GIF.h */ = {isa = PBXFileReference; fileEncoding = 4; lastKnownFileType = sourcecode.c.h; path = "UIImage+GIF.h"; sourceTree = "<group>"; };
		3CF6DFA11C99853700EE3A3B /* UIImage+GIF.m */ = {isa = PBXFileReference; fileEncoding = 4; lastKnownFileType = sourcecode.c.objc; path = "UIImage+GIF.m"; sourceTree = "<group>"; };
		3CF6DFA21C99853700EE3A3B /* UIImage+MultiFormat.h */ = {isa = PBXFileReference; fileEncoding = 4; lastKnownFileType = sourcecode.c.h; path = "UIImage+MultiFormat.h"; sourceTree = "<group>"; };
		3CF6DFA31C99853700EE3A3B /* UIImage+MultiFormat.m */ = {isa = PBXFileReference; fileEncoding = 4; lastKnownFileType = sourcecode.c.objc; path = "UIImage+MultiFormat.m"; sourceTree = "<group>"; };
		3CF6DFA41C99853700EE3A3B /* UIImageView+HighlightedWebCache.h */ = {isa = PBXFileReference; fileEncoding = 4; lastKnownFileType = sourcecode.c.h; path = "UIImageView+HighlightedWebCache.h"; sourceTree = "<group>"; };
		3CF6DFA51C99853700EE3A3B /* UIImageView+HighlightedWebCache.m */ = {isa = PBXFileReference; fileEncoding = 4; lastKnownFileType = sourcecode.c.objc; path = "UIImageView+HighlightedWebCache.m"; sourceTree = "<group>"; };
		3CF6DFA61C99853700EE3A3B /* UIImageView+WebCache.h */ = {isa = PBXFileReference; fileEncoding = 4; lastKnownFileType = sourcecode.c.h; path = "UIImageView+WebCache.h"; sourceTree = "<group>"; };
		3CF6DFA71C99853700EE3A3B /* UIImageView+WebCache.m */ = {isa = PBXFileReference; fileEncoding = 4; lastKnownFileType = sourcecode.c.objc; path = "UIImageView+WebCache.m"; sourceTree = "<group>"; };
		3CF6DFA81C99853700EE3A3B /* UIView+WebCacheOperation.h */ = {isa = PBXFileReference; fileEncoding = 4; lastKnownFileType = sourcecode.c.h; path = "UIView+WebCacheOperation.h"; sourceTree = "<group>"; };
		3CF6DFA91C99853700EE3A3B /* UIView+WebCacheOperation.m */ = {isa = PBXFileReference; fileEncoding = 4; lastKnownFileType = sourcecode.c.objc; path = "UIView+WebCacheOperation.m"; sourceTree = "<group>"; };
/* End PBXFileReference section */

/* Begin PBXFrameworksBuildPhase section */
		3C480FA11C74501200E37CCF /* Frameworks */ = {
			isa = PBXFrameworksBuildPhase;
			buildActionMask = 2147483647;
			files = (
			);
			runOnlyForDeploymentPostprocessing = 0;
		};
/* End PBXFrameworksBuildPhase section */

/* Begin PBXGroup section */
		3C480F9B1C74501200E37CCF = {
			isa = PBXGroup;
			children = (
				3C480FA61C74501200E37CCF /* CollectionView轮播图 */,
				3C480FA51C74501200E37CCF /* Products */,
			);
			sourceTree = "<group>";
		};
		3C480FA51C74501200E37CCF /* Products */ = {
			isa = PBXGroup;
			children = (
				3C480FA41C74501200E37CCF /* CollectionView轮播图.app */,
			);
			name = Products;
			sourceTree = "<group>";
		};
		3C480FA61C74501200E37CCF /* CollectionView轮播图 */ = {
			isa = PBXGroup;
			children = (
				3C480FAA1C74501200E37CCF /* AppDelegate.h */,
				3C480FAB1C74501200E37CCF /* AppDelegate.m */,
				3C480FAD1C74501200E37CCF /* ViewController.h */,
				3C480FAE1C74501200E37CCF /* ViewController.m */,
				3CF6DF8C1C99853700EE3A3B /* SDWebImage */,
				3C480FC11C74547700E37CCF /* CollectionView封装 */,
				3C480FB31C74501200E37CCF /* Assets.xcassets */,
				3C480FB51C74501200E37CCF /* LaunchScreen.storyboard */,
				3C480FB81C74501200E37CCF /* Info.plist */,
				3C480FA71C74501200E37CCF /* Supporting Files */,
			);
			path = "CollectionView轮播图";
			sourceTree = "<group>";
		};
		3C480FA71C74501200E37CCF /* Supporting Files */ = {
			isa = PBXGroup;
			children = (
				3C480FA81C74501200E37CCF /* main.m */,
			);
			name = "Supporting Files";
			sourceTree = "<group>";
		};
		3C480FC11C74547700E37CCF /* CollectionView封装 */ = {
			isa = PBXGroup;
			children = (
				3C480FC21C74547700E37CCF /* CollectionImageView.h */,
				3C480FC31C74547700E37CCF /* CollectionImageView.m */,
				3C480FC51C7454AF00E37CCF /* CollectionImageCell.h */,
				3C480FC61C7454AF00E37CCF /* CollectionImageCell.m */,
			);
			path = "CollectionView封装";
			sourceTree = "<group>";
		};
		3CF6DF8C1C99853700EE3A3B /* SDWebImage */ = {
			isa = PBXGroup;
			children = (
				3CF6DF8D1C99853700EE3A3B /* NSData+ImageContentType.h */,
				3CF6DF8E1C99853700EE3A3B /* NSData+ImageContentType.m */,
				3CF6DF8F1C99853700EE3A3B /* SDImageCache.h */,
				3CF6DF901C99853700EE3A3B /* SDImageCache.m */,
				3CF6DF911C99853700EE3A3B /* SDWebImageCompat.h */,
				3CF6DF921C99853700EE3A3B /* SDWebImageCompat.m */,
				3CF6DF931C99853700EE3A3B /* SDWebImageDecoder.h */,
				3CF6DF941C99853700EE3A3B /* SDWebImageDecoder.m */,
				3CF6DF951C99853700EE3A3B /* SDWebImageDownloader.h */,
				3CF6DF961C99853700EE3A3B /* SDWebImageDownloader.m */,
				3CF6DF971C99853700EE3A3B /* SDWebImageDownloaderOperation.h */,
				3CF6DF981C99853700EE3A3B /* SDWebImageDownloaderOperation.m */,
				3CF6DF991C99853700EE3A3B /* SDWebImageManager.h */,
				3CF6DF9A1C99853700EE3A3B /* SDWebImageManager.m */,
				3CF6DF9B1C99853700EE3A3B /* SDWebImageOperation.h */,
				3CF6DF9C1C99853700EE3A3B /* SDWebImagePrefetcher.h */,
				3CF6DF9D1C99853700EE3A3B /* SDWebImagePrefetcher.m */,
				3CF6DF9E1C99853700EE3A3B /* UIButton+WebCache.h */,
				3CF6DF9F1C99853700EE3A3B /* UIButton+WebCache.m */,
				3CF6DFA01C99853700EE3A3B /* UIImage+GIF.h */,
				3CF6DFA11C99853700EE3A3B /* UIImage+GIF.m */,
				3CF6DFA21C99853700EE3A3B /* UIImage+MultiFormat.h */,
				3CF6DFA31C99853700EE3A3B /* UIImage+MultiFormat.m */,
				3CF6DFA41C99853700EE3A3B /* UIImageView+HighlightedWebCache.h */,
				3CF6DFA51C99853700EE3A3B /* UIImageView+HighlightedWebCache.m */,
				3CF6DFA61C99853700EE3A3B /* UIImageView+WebCache.h */,
				3CF6DFA71C99853700EE3A3B /* UIImageView+WebCache.m */,
				3CF6DFA81C99853700EE3A3B /* UIView+WebCacheOperation.h */,
				3CF6DFA91C99853700EE3A3B /* UIView+WebCacheOperation.m */,
			);
			path = SDWebImage;
			sourceTree = "<group>";
		};
/* End PBXGroup section */

/* Begin PBXNativeTarget section */
		3C480FA31C74501200E37CCF /* CollectionView轮播图 */ = {
			isa = PBXNativeTarget;
			buildConfigurationList = 3C480FBB1C74501200E37CCF /* Build configuration list for PBXNativeTarget "CollectionView轮播图" */;
			buildPhases = (
				3C480FA01C74501200E37CCF /* Sources */,
				3C480FA11C74501200E37CCF /* Frameworks */,
				3C480FA21C74501200E37CCF /* Resources */,
			);
			buildRules = (
			);
			dependencies = (
			);
			name = "CollectionView轮播图";
			productName = "CollectionView轮播图";
			productReference = 3C480FA41C74501200E37CCF /* CollectionView轮播图.app */;
			productType = "com.apple.product-type.application";
		};
/* End PBXNativeTarget section */

/* Begin PBXProject section */
		3C480F9C1C74501200E37CCF /* Project object */ = {
			isa = PBXProject;
			attributes = {
				LastUpgradeCheck = 0720;
				ORGANIZATIONNAME = kamy;
				TargetAttributes = {
					3C480FA31C74501200E37CCF = {
						CreatedOnToolsVersion = 7.2;
					};
				};
			};
			buildConfigurationList = 3C480F9F1C74501200E37CCF /* Build configuration list for PBXProject "CollectionView轮播图" */;
			compatibilityVersion = "Xcode 3.2";
			developmentRegion = English;
			hasScannedForEncodings = 0;
			knownRegions = (
				en,
				Base,
			);
			mainGroup = 3C480F9B1C74501200E37CCF;
			productRefGroup = 3C480FA51C74501200E37CCF /* Products */;
			projectDirPath = "";
			projectRoot = "";
			targets = (
				3C480FA31C74501200E37CCF /* CollectionView轮播图 */,
			);
		};
/* End PBXProject section */

/* Begin PBXResourcesBuildPhase section */
		3C480FA21C74501200E37CCF /* Resources */ = {
			isa = PBXResourcesBuildPhase;
			buildActionMask = 2147483647;
			files = (
				3C480FB71C74501200E37CCF /* LaunchScreen.storyboard in Resources */,
				3C480FB41C74501200E37CCF /* Assets.xcassets in Resources */,
			);
			runOnlyForDeploymentPostprocessing = 0;
		};
/* End PBXResourcesBuildPhase section */

/* Begin PBXSourcesBuildPhase section */
		3C480FA01C74501200E37CCF /* Sources */ = {
			isa = PBXSourcesBuildPhase;
			buildActionMask = 2147483647;
			files = (
				3CF6DFB51C99853700EE3A3B /* UIImageView+HighlightedWebCache.m in Sources */,
				3CF6DFB41C99853700EE3A3B /* UIImage+MultiFormat.m in Sources */,
				3CF6DFAF1C99853700EE3A3B /* SDWebImageDownloaderOperation.m in Sources */,
				3C480FC41C74547700E37CCF /* CollectionImageView.m in Sources */,
				3CF6DFAC1C99853700EE3A3B /* SDWebImageCompat.m in Sources */,
				3CF6DFB71C99853700EE3A3B /* UIView+WebCacheOperation.m in Sources */,
				3CF6DFB31C99853700EE3A3B /* UIImage+GIF.m in Sources */,
				3CF6DFB11C99853700EE3A3B /* SDWebImagePrefetcher.m in Sources */,
				3C480FAF1C74501200E37CCF /* ViewController.m in Sources */,
				3C480FAC1C74501200E37CCF /* AppDelegate.m in Sources */,
				3CF6DFAE1C99853700EE3A3B /* SDWebImageDownloader.m in Sources */,
				3CF6DFB21C99853700EE3A3B /* UIButton+WebCache.m in Sources */,
				3C480FA91C74501200E37CCF /* main.m in Sources */,
				3CF6DFAA1C99853700EE3A3B /* NSData+ImageContentType.m in Sources */,
				3C480FC71C7454AF00E37CCF /* CollectionImageCell.m in Sources */,
				3CF6DFB61C99853700EE3A3B /* UIImageView+WebCache.m in Sources */,
				3CF6DFB01C99853700EE3A3B /* SDWebImageManager.m in Sources */,
				3CF6DFAD1C99853700EE3A3B /* SDWebImageDecoder.m in Sources */,
				3CF6DFAB1C99853700EE3A3B /* SDImageCache.m in Sources */,
			);
			runOnlyForDeploymentPostprocessing = 0;
		};
/* End PBXSourcesBuildPhase section */

/* Begin PBXVariantGroup section */
		3C480FB51C74501200E37CCF /* LaunchScreen.storyboard */ = {
			isa = PBXVariantGroup;
			children = (
				3C480FB61C74501200E37CCF /* Base */,
			);
			name = LaunchScreen.storyboard;
			sourceTree = "<group>";
		};
/* End PBXVariantGroup section */

/* Begin XCBuildConfiguration section */
		3C480FB91C74501200E37CCF /* Debug */ = {
			isa = XCBuildConfiguration;
			buildSettings = {
				ALWAYS_SEARCH_USER_PATHS = NO;
				CLANG_CXX_LANGUAGE_STANDARD = "gnu++0x";
				CLANG_CXX_LIBRARY = "libc++";
				CLANG_ENABLE_MODULES = YES;
				CLANG_ENABLE_OBJC_ARC = YES;
				CLANG_WARN_BOOL_CONVERSION = YES;
				CLANG_WARN_CONSTANT_CONVERSION = YES;
				CLANG_WARN_DIRECT_OBJC_ISA_USAGE = YES_ERROR;
				CLANG_WARN_EMPTY_BODY = YES;
				CLANG_WARN_ENUM_CONVERSION = YES;
				CLANG_WARN_INT_CONVERSION = YES;
				CLANG_WARN_OBJC_ROOT_CLASS = YES_ERROR;
				CLANG_WARN_UNREACHABLE_CODE = YES;
				CLANG_WARN__DUPLICATE_METHOD_MATCH = YES;
				"CODE_SIGN_IDENTITY[sdk=iphoneos*]" = "iPhone Developer";
				COPY_PHASE_STRIP = NO;
				DEBUG_INFORMATION_FORMAT = dwarf;
				ENABLE_STRICT_OBJC_MSGSEND = YES;
				ENABLE_TESTABILITY = YES;
				GCC_C_LANGUAGE_STANDARD = gnu99;
				GCC_DYNAMIC_NO_PIC = NO;
				GCC_NO_COMMON_BLOCKS = YES;
				GCC_OPTIMIZATION_LEVEL = 0;
				GCC_PREPROCESSOR_DEFINITIONS = (
					"DEBUG=1",
					"$(inherited)",
				);
				GCC_WARN_64_TO_32_BIT_CONVERSION = YES;
				GCC_WARN_ABOUT_RETURN_TYPE = YES_ERROR;
				GCC_WARN_UNDECLARED_SELECTOR = YES;
				GCC_WARN_UNINITIALIZED_AUTOS = YES_AGGRESSIVE;
				GCC_WARN_UNUSED_FUNCTION = YES;
				GCC_WARN_UNUSED_VARIABLE = YES;
				IPHONEOS_DEPLOYMENT_TARGET = 9.2;
				MTL_ENABLE_DEBUG_INFO = YES;
				ONLY_ACTIVE_ARCH = YES;
				SDKROOT = iphoneos;
			};
			name = Debug;
		};
		3C480FBA1C74501200E37CCF /* Release */ = {
			isa = XCBuildConfiguration;
			buildSettings = {
				ALWAYS_SEARCH_USER_PATHS = NO;
				CLANG_CXX_LANGUAGE_STANDARD = "gnu++0x";
				CLANG_CXX_LIBRARY = "libc++";
				CLANG_ENABLE_MODULES = YES;
				CLANG_ENABLE_OBJC_ARC = YES;
				CLANG_WARN_BOOL_CONVERSION = YES;
				CLANG_WARN_CONSTANT_CONVERSION = YES;
				CLANG_WARN_DIRECT_OBJC_ISA_USAGE = YES_ERROR;
				CLANG_WARN_EMPTY_BODY = YES;
				CLANG_WARN_ENUM_CONVERSION = YES;
				CLANG_WARN_INT_CONVERSION = YES;
				CLANG_WARN_OBJC_ROOT_CLASS = YES_ERROR;
				CLANG_WARN_UNREACHABLE_CODE = YES;
				CLANG_WARN__DUPLICATE_METHOD_MATCH = YES;
				"CODE_SIGN_IDENTITY[sdk=iphoneos*]" = "iPhone Developer";
				COPY_PHASE_STRIP = NO;
				DEBUG_INFORMATION_FORMAT = "dwarf-with-dsym";
				ENABLE_NS_ASSERTIONS = NO;
				ENABLE_STRICT_OBJC_MSGSEND = YES;
				GCC_C_LANGUAGE_STANDARD = gnu99;
				GCC_NO_COMMON_BLOCKS = YES;
				GCC_WARN_64_TO_32_BIT_CONVERSION = YES;
				GCC_WARN_ABOUT_RETURN_TYPE = YES_ERROR;
				GCC_WARN_UNDECLARED_SELECTOR = YES;
				GCC_WARN_UNINITIALIZED_AUTOS = YES_AGGRESSIVE;
				GCC_WARN_UNUSED_FUNCTION = YES;
				GCC_WARN_UNUSED_VARIABLE = YES;
				IPHONEOS_DEPLOYMENT_TARGET = 9.2;
				MTL_ENABLE_DEBUG_INFO = NO;
				SDKROOT = iphoneos;
				VALIDATE_PRODUCT = YES;
			};
			name = Release;
		};
		3C480FBC1C74501200E37CCF /* Debug */ = {
			isa = XCBuildConfiguration;
			buildSettings = {
				ASSETCATALOG_COMPILER_APPICON_NAME = AppIcon;
				INFOPLIST_FILE = "CollectionView轮播图/Info.plist";
				LD_RUNPATH_SEARCH_PATHS = "$(inherited) @executable_path/Frameworks";
				PRODUCT_BUNDLE_IDENTIFIER = "com.kamy.study.CollectionView---";
				PRODUCT_NAME = "$(TARGET_NAME)";
			};
			name = Debug;
		};
		3C480FBD1C74501200E37CCF /* Release */ = {
			isa = XCBuildConfiguration;
			buildSettings = {
				ASSETCATALOG_COMPILER_APPICON_NAME = AppIcon;
				INFOPLIST_FILE = "CollectionView轮播图/Info.plist";
				LD_RUNPATH_SEARCH_PATHS = "$(inherited) @executable_path/Frameworks";
				PRODUCT_BUNDLE_IDENTIFIER = "com.kamy.study.CollectionView---";
				PRODUCT_NAME = "$(TARGET_NAME)";
			};
			name = Release;
		};
/* End XCBuildConfiguration section */

/* Begin XCConfigurationList section */
		3C480F9F1C74501200E37CCF /* Build configuration list for PBXProject "CollectionView轮播图" */ = {
			isa = XCConfigurationList;
			buildConfigurations = (
				3C480FB91C74501200E37CCF /* Debug */,
				3C480FBA1C74501200E37CCF /* Release */,
			);
			defaultConfigurationIsVisible = 0;
			defaultConfigurationName = Release;
		};
		3C480FBB1C74501200E37CCF /* Build configuration list for PBXNativeTarget "CollectionView轮播图" */ = {
			isa = XCConfigurationList;
			buildConfigurations = (
				3C480FBC1C74501200E37CCF /* Debug */,
				3C480FBD1C74501200E37CCF /* Release */,
			);
			defaultConfigurationIsVisible = 0;
			defaultConfigurationName = Release;
		};
/* End XCConfigurationList section */
	};
	rootObject = 3C480F9C1C74501200E37CCF /* Project object */;
}
