// !$*UTF8*$!
{
	archiveVersion = 1;
	classes = {
	};
	objectVersion = 46;
	objects = {

/* Begin PBXBuildFile section */
		3C9DEC0E1C9BEF2A00D433D6 /* main.m in Sources */ = {isa = PBXBuildFile; fileRef = 3C9DEC0D1C9BEF2A00D433D6 /* main.m */; };
		3C9DEC111C9BEF2A00D433D6 /* AppDelegate.m in Sources */ = {isa = PBXBuildFile; fileRef = 3C9DEC101C9BEF2A00D433D6 /* AppDelegate.m */; };
		3C9DEC141C9BEF2A00D433D6 /* ViewController.m in Sources */ = {isa = PBXBuildFile; fileRef = 3C9DEC131C9BEF2A00D433D6 /* ViewController.m */; };
		3C9DEC171C9BEF2A00D433D6 /* Main.storyboard in Resources */ = {isa = PBXBuildFile; fileRef = 3C9DEC151C9BEF2A00D433D6 /* Main.storyboard */; };
		3C9DEC191C9BEF2A00D433D6 /* Assets.xcassets in Resources */ = {isa = PBXBuildFile; fileRef = 3C9DEC181C9BEF2A00D433D6 /* Assets.xcassets */; };
		3C9DEC1C1C9BEF2A00D433D6 /* LaunchScreen.storyboard in Resources */ = {isa = PBXBuildFile; fileRef = 3C9DEC1A1C9BEF2A00D433D6 /* LaunchScreen.storyboard */; };
		3C9DEC281C9BEF6D00D433D6 /* TabSliderView.m in Sources */ = {isa = PBXBuildFile; fileRef = 3C9DEC271C9BEF6D00D433D6 /* TabSliderView.m */; };
/* End PBXBuildFile section */

/* Begin PBXFileReference section */
		3C9DEC091C9BEF2A00D433D6 /* KSSliderControl.app */ = {isa = PBXFileReference; explicitFileType = wrapper.application; includeInIndex = 0; path = KSSliderControl.app; sourceTree = BUILT_PRODUCTS_DIR; };
		3C9DEC0D1C9BEF2A00D433D6 /* main.m */ = {isa = PBXFileReference; lastKnownFileType = sourcecode.c.objc; path = main.m; sourceTree = "<group>"; };
		3C9DEC0F1C9BEF2A00D433D6 /* AppDelegate.h */ = {isa = PBXFileReference; lastKnownFileType = sourcecode.c.h; path = AppDelegate.h; sourceTree = "<group>"; };
		3C9DEC101C9BEF2A00D433D6 /* AppDelegate.m */ = {isa = PBXFileReference; lastKnownFileType = sourcecode.c.objc; path = AppDelegate.m; sourceTree = "<group>"; };
		3C9DEC121C9BEF2A00D433D6 /* ViewController.h */ = {isa = PBXFileReference; lastKnownFileType = sourcecode.c.h; path = ViewController.h; sourceTree = "<group>"; };
		3C9DEC131C9BEF2A00D433D6 /* ViewController.m */ = {isa = PBXFileReference; lastKnownFileType = sourcecode.c.objc; path = ViewController.m; sourceTree = "<group>"; };
		3C9DEC161C9BEF2A00D433D6 /* Base */ = {isa = PBXFileReference; lastKnownFileType = file.storyboard; name = Base; path = Base.lproj/Main.storyboard; sourceTree = "<group>"; };
		3C9DEC181C9BEF2A00D433D6 /* Assets.xcassets */ = {isa = PBXFileReference; lastKnownFileType = folder.assetcatalog; path = Assets.xcassets; sourceTree = "<group>"; };
		3C9DEC1B1C9BEF2A00D433D6 /* Base */ = {isa = PBXFileReference; lastKnownFileType = file.storyboard; name = Base; path = Base.lproj/LaunchScreen.storyboard; sourceTree = "<group>"; };
		3C9DEC1D1C9BEF2A00D433D6 /* Info.plist */ = {isa = PBXFileReference; lastKnownFileType = text.plist.xml; path = Info.plist; sourceTree = "<group>"; };
		3C9DEC261C9BEF6D00D433D6 /* TabSliderView.h */ = {isa = PBXFileReference; fileEncoding = 4; lastKnownFileType = sourcecode.c.h; path = TabSliderView.h; sourceTree = "<group>"; };
		3C9DEC271C9BEF6D00D433D6 /* TabSliderView.m */ = {isa = PBXFileReference; fileEncoding = 4; lastKnownFileType = sourcecode.c.objc; path = TabSliderView.m; sourceTree = "<group>"; };
/* End PBXFileReference section */

/* Begin PBXFrameworksBuildPhase section */
		3C9DEC061C9BEF2A00D433D6 /* Frameworks */ = {
			isa = PBXFrameworksBuildPhase;
			buildActionMask = 2147483647;
			files = (
			);
			runOnlyForDeploymentPostprocessing = 0;
		};
/* End PBXFrameworksBuildPhase section */

/* Begin PBXGroup section */
		3C9DEC001C9BEF2A00D433D6 = {
			isa = PBXGroup;
			children = (
				3C9DEC0B1C9BEF2A00D433D6 /* KSSliderControl */,
				3C9DEC0A1C9BEF2A00D433D6 /* Products */,
			);
			sourceTree = "<group>";
		};
		3C9DEC0A1C9BEF2A00D433D6 /* Products */ = {
			isa = PBXGroup;
			children = (
				3C9DEC091C9BEF2A00D433D6 /* KSSliderControl.app */,
			);
			name = Products;
			sourceTree = "<group>";
		};
		3C9DEC0B1C9BEF2A00D433D6 /* KSSliderControl */ = {
			isa = PBXGroup;
			children = (
				3C9DEC0F1C9BEF2A00D433D6 /* AppDelegate.h */,
				3C9DEC101C9BEF2A00D433D6 /* AppDelegate.m */,
				3C9DEC121C9BEF2A00D433D6 /* ViewController.h */,
				3C9DEC131C9BEF2A00D433D6 /* ViewController.m */,
				3C9DEC251C9BEF5900D433D6 /* TabSliderView */,
				3C9DEC151C9BEF2A00D433D6 /* Main.storyboard */,
				3C9DEC181C9BEF2A00D433D6 /* Assets.xcassets */,
				3C9DEC1A1C9BEF2A00D433D6 /* LaunchScreen.storyboard */,
				3C9DEC1D1C9BEF2A00D433D6 /* Info.plist */,
				3C9DEC0C1C9BEF2A00D433D6 /* Supporting Files */,
			);
			path = KSSliderControl;
			sourceTree = "<group>";
		};
		3C9DEC0C1C9BEF2A00D433D6 /* Supporting Files */ = {
			isa = PBXGroup;
			children = (
				3C9DEC0D1C9BEF2A00D433D6 /* main.m */,
			);
			name = "Supporting Files";
			sourceTree = "<group>";
		};
		3C9DEC251C9BEF5900D433D6 /* TabSliderView */ = {
			isa = PBXGroup;
			children = (
				3C9DEC261C9BEF6D00D433D6 /* TabSliderView.h */,
				3C9DEC271C9BEF6D00D433D6 /* TabSliderView.m */,
			);
			path = TabSliderView;
			sourceTree = "<group>";
		};
/* End PBXGroup section */

/* Begin PBXNativeTarget section */
		3C9DEC081C9BEF2A00D433D6 /* KSSliderControl */ = {
			isa = PBXNativeTarget;
			buildConfigurationList = 3C9DEC201C9BEF2A00D433D6 /* Build configuration list for PBXNativeTarget "KSSliderControl" */;
			buildPhases = (
				3C9DEC051C9BEF2A00D433D6 /* Sources */,
				3C9DEC061C9BEF2A00D433D6 /* Frameworks */,
				3C9DEC071C9BEF2A00D433D6 /* Resources */,
			);
			buildRules = (
			);
			dependencies = (
			);
			name = KSSliderControl;
			productName = KSSliderControl;
			productReference = 3C9DEC091C9BEF2A00D433D6 /* KSSliderControl.app */;
			productType = "com.apple.product-type.application";
		};
/* End PBXNativeTarget section */

/* Begin PBXProject section */
		3C9DEC011C9BEF2A00D433D6 /* Project object */ = {
			isa = PBXProject;
			attributes = {
				LastUpgradeCheck = 0720;
				ORGANIZATIONNAME = "https://github.com/shijinliang, http://blog.csdn.net/sjl_leaf";
				TargetAttributes = {
					3C9DEC081C9BEF2A00D433D6 = {
						CreatedOnToolsVersion = 7.2.1;
					};
				};
			};
			buildConfigurationList = 3C9DEC041C9BEF2A00D433D6 /* Build configuration list for PBXProject "KSSliderControl" */;
			compatibilityVersion = "Xcode 3.2";
			developmentRegion = English;
			hasScannedForEncodings = 0;
			knownRegions = (
				en,
				Base,
			);
			mainGroup = 3C9DEC001C9BEF2A00D433D6;
			productRefGroup = 3C9DEC0A1C9BEF2A00D433D6 /* Products */;
			projectDirPath = "";
			projectRoot = "";
			targets = (
				3C9DEC081C9BEF2A00D433D6 /* KSSliderControl */,
			);
		};
/* End PBXProject section */

/* Begin PBXResourcesBuildPhase section */
		3C9DEC071C9BEF2A00D433D6 /* Resources */ = {
			isa = PBXResourcesBuildPhase;
			buildActionMask = 2147483647;
			files = (
				3C9DEC1C1C9BEF2A00D433D6 /* LaunchScreen.storyboard in Resources */,
				3C9DEC191C9BEF2A00D433D6 /* Assets.xcassets in Resources */,
				3C9DEC171C9BEF2A00D433D6 /* Main.storyboard in Resources */,
			);
			runOnlyForDeploymentPostprocessing = 0;
		};
/* End PBXResourcesBuildPhase section */

/* Begin PBXSourcesBuildPhase section */
		3C9DEC051C9BEF2A00D433D6 /* Sources */ = {
			isa = PBXSourcesBuildPhase;
			buildActionMask = 2147483647;
			files = (
				3C9DEC141C9BEF2A00D433D6 /* ViewController.m in Sources */,
				3C9DEC111C9BEF2A00D433D6 /* AppDelegate.m in Sources */,
				3C9DEC0E1C9BEF2A00D433D6 /* main.m in Sources */,
				3C9DEC281C9BEF6D00D433D6 /* TabSliderView.m in Sources */,
			);
			runOnlyForDeploymentPostprocessing = 0;
		};
/* End PBXSourcesBuildPhase section */

/* Begin PBXVariantGroup section */
		3C9DEC151C9BEF2A00D433D6 /* Main.storyboard */ = {
			isa = PBXVariantGroup;
			children = (
				3C9DEC161C9BEF2A00D433D6 /* Base */,
			);
			name = Main.storyboard;
			sourceTree = "<group>";
		};
		3C9DEC1A1C9BEF2A00D433D6 /* LaunchScreen.storyboard */ = {
			isa = PBXVariantGroup;
			children = (
				3C9DEC1B1C9BEF2A00D433D6 /* Base */,
			);
			name = LaunchScreen.storyboard;
			sourceTree = "<group>";
		};
/* End PBXVariantGroup section */

/* Begin XCBuildConfiguration section */
		3C9DEC1E1C9BEF2A00D433D6 /* Debug */ = {
			isa = XCBuildConfiguration;
			buildSettings = {
				ALWAYS_SEARCH_USER_PATHS = NO;
				CLANG_CXX_LANGUAGE_STANDARD = "gnu++0x";
				CLANG_CXX_LIBRARY = "libc++";
				CLANG_ENABLE_MODULES = YES;
				CLANG_ENABLE_OBJC_ARC = YES;
				CLANG_WARN_BOOL_CONVERSION = YES;
				CLANG_WARN_CONSTANT_CONVERSION = YES;
				CLANG_WARN_DIRECT_OBJC_ISA_USAGE = YES_ERROR;
				CLANG_WARN_EMPTY_BODY = YES;
				CLANG_WARN_ENUM_CONVERSION = YES;
				CLANG_WARN_INT_CONVERSION = YES;
				CLANG_WARN_OBJC_ROOT_CLASS = YES_ERROR;
				CLANG_WARN_UNREACHABLE_CODE = YES;
				CLANG_WARN__DUPLICATE_METHOD_MATCH = YES;
				"CODE_SIGN_IDENTITY[sdk=iphoneos*]" = "iPhone Developer";
				COPY_PHASE_STRIP = NO;
				DEBUG_INFORMATION_FORMAT = dwarf;
				ENABLE_STRICT_OBJC_MSGSEND = YES;
				ENABLE_TESTABILITY = YES;
				GCC_C_LANGUAGE_STANDARD = gnu99;
				GCC_DYNAMIC_NO_PIC = NO;
				GCC_NO_COMMON_BLOCKS = YES;
				GCC_OPTIMIZATION_LEVEL = 0;
				GCC_PREPROCESSOR_DEFINITIONS = (
					"DEBUG=1",
					"$(inherited)",
				);
				GCC_WARN_64_TO_32_BIT_CONVERSION = YES;
				GCC_WARN_ABOUT_RETURN_TYPE = YES_ERROR;
				GCC_WARN_UNDECLARED_SELECTOR = YES;
				GCC_WARN_UNINITIALIZED_AUTOS = YES_AGGRESSIVE;
				GCC_WARN_UNUSED_FUNCTION = YES;
				GCC_WARN_UNUSED_VARIABLE = YES;
				IPHONEOS_DEPLOYMENT_TARGET = 9.2;
				MTL_ENABLE_DEBUG_INFO = YES;
				ONLY_ACTIVE_ARCH = YES;
				SDKROOT = iphoneos;
			};
			name = Debug;
		};
		3C9DEC1F1C9BEF2A00D433D6 /* Release */ = {
			isa = XCBuildConfiguration;
			buildSettings = {
				ALWAYS_SEARCH_USER_PATHS = NO;
				CLANG_CXX_LANGUAGE_STANDARD = "gnu++0x";
				CLANG_CXX_LIBRARY = "libc++";
				CLANG_ENABLE_MODULES = YES;
				CLANG_ENABLE_OBJC_ARC = YES;
				CLANG_WARN_BOOL_CONVERSION = YES;
				CLANG_WARN_CONSTANT_CONVERSION = YES;
				CLANG_WARN_DIRECT_OBJC_ISA_USAGE = YES_ERROR;
				CLANG_WARN_EMPTY_BODY = YES;
				CLANG_WARN_ENUM_CONVERSION = YES;
				CLANG_WARN_INT_CONVERSION = YES;
				CLANG_WARN_OBJC_ROOT_CLASS = YES_ERROR;
				CLANG_WARN_UNREACHABLE_CODE = YES;
				CLANG_WARN__DUPLICATE_METHOD_MATCH = YES;
				"CODE_SIGN_IDENTITY[sdk=iphoneos*]" = "iPhone Developer";
				COPY_PHASE_STRIP = NO;
				DEBUG_INFORMATION_FORMAT = "dwarf-with-dsym";
				ENABLE_NS_ASSERTIONS = NO;
				ENABLE_STRICT_OBJC_MSGSEND = YES;
				GCC_C_LANGUAGE_STANDARD = gnu99;
				GCC_NO_COMMON_BLOCKS = YES;
				GCC_WARN_64_TO_32_BIT_CONVERSION = YES;
				GCC_WARN_ABOUT_RETURN_TYPE = YES_ERROR;
				GCC_WARN_UNDECLARED_SELECTOR = YES;
				GCC_WARN_UNINITIALIZED_AUTOS = YES_AGGRESSIVE;
				GCC_WARN_UNUSED_FUNCTION = YES;
				GCC_WARN_UNUSED_VARIABLE = YES;
				IPHONEOS_DEPLOYMENT_TARGET = 9.2;
				MTL_ENABLE_DEBUG_INFO = NO;
				SDKROOT = iphoneos;
				VALIDATE_PRODUCT = YES;
			};
			name = Release;
		};
		3C9DEC211C9BEF2A00D433D6 /* Debug */ = {
			isa = XCBuildConfiguration;
			buildSettings = {
				ASSETCATALOG_COMPILER_APPICON_NAME = AppIcon;
				INFOPLIST_FILE = KSSliderControl/Info.plist;
				LD_RUNPATH_SEARCH_PATHS = "$(inherited) @executable_path/Frameworks";
				PRODUCT_BUNDLE_IDENTIFIER = com.kamyShi.KSSliderControl;
				PRODUCT_NAME = "$(TARGET_NAME)";
			};
			name = Debug;
		};
		3C9DEC221C9BEF2A00D433D6 /* Release */ = {
			isa = XCBuildConfiguration;
			buildSettings = {
				ASSETCATALOG_COMPILER_APPICON_NAME = AppIcon;
				INFOPLIST_FILE = KSSliderControl/Info.plist;
				LD_RUNPATH_SEARCH_PATHS = "$(inherited) @executable_path/Frameworks";
				PRODUCT_BUNDLE_IDENTIFIER = com.kamyShi.KSSliderControl;
				PRODUCT_NAME = "$(TARGET_NAME)";
			};
			name = Release;
		};
/* End XCBuildConfiguration section */

/* Begin XCConfigurationList section */
		3C9DEC041C9BEF2A00D433D6 /* Build configuration list for PBXProject "KSSliderControl" */ = {
			isa = XCConfigurationList;
			buildConfigurations = (
				3C9DEC1E1C9BEF2A00D433D6 /* Debug */,
				3C9DEC1F1C9BEF2A00D433D6 /* Release */,
			);
			defaultConfigurationIsVisible = 0;
			defaultConfigurationName = Release;
		};
		3C9DEC201C9BEF2A00D433D6 /* Build configuration list for PBXNativeTarget "KSSliderControl" */ = {
			isa = XCConfigurationList;
			buildConfigurations = (
				3C9DEC211C9BEF2A00D433D6 /* Debug */,
				3C9DEC221C9BEF2A00D433D6 /* Release */,
			);
			defaultConfigurationIsVisible = 0;
		};
/* End XCConfigurationList section */
	};
	rootObject = 3C9DEC011C9BEF2A00D433D6 /* Project object */;
}
