// !$*UTF8*$!
{
	archiveVersion = 1;
	classes = {
	};
	objectVersion = 46;
	objects = {

/* Begin PBXBuildFile section */
		3C480F6A1C71988B00E37CCF /* main.m in Sources */ = {isa = PBXBuildFile; fileRef = 3C480F691C71988B00E37CCF /* main.m */; };
		3C480F6D1C71988B00E37CCF /* AppDelegate.m in Sources */ = {isa = PBXBuildFile; fileRef = 3C480F6C1C71988B00E37CCF /* AppDelegate.m */; };
		3C480F701C71988B00E37CCF /* ViewController.m in Sources */ = {isa = PBXBuildFile; fileRef = 3C480F6F1C71988B00E37CCF /* ViewController.m */; };
		3C480F751C71988B00E37CCF /* Assets.xcassets in Resources */ = {isa = PBXBuildFile; fileRef = 3C480F741C71988B00E37CCF /* Assets.xcassets */; };
		3C480F781C71988B00E37CCF /* LaunchScreen.storyboard in Resources */ = {isa = PBXBuildFile; fileRef = 3C480F761C71988B00E37CCF /* LaunchScreen.storyboard */; };
		3C480F9A1C74125900E37CCF /* ScrollImageView.m in Sources */ = {isa = PBXBuildFile; fileRef = 3C480F991C74125900E37CCF /* ScrollImageView.m */; };
/* End PBXBuildFile section */

/* Begin PBXFileReference section */
		3C480F651C71988B00E37CCF /* 轮播图.app */ = {isa = PBXFileReference; explicitFileType = wrapper.application; includeInIndex = 0; path = "轮播图.app"; sourceTree = BUILT_PRODUCTS_DIR; };
		3C480F691C71988B00E37CCF /* main.m */ = {isa = PBXFileReference; lastKnownFileType = sourcecode.c.objc; path = main.m; sourceTree = "<group>"; };
		3C480F6B1C71988B00E37CCF /* AppDelegate.h */ = {isa = PBXFileReference; lastKnownFileType = sourcecode.c.h; path = AppDelegate.h; sourceTree = "<group>"; };
		3C480F6C1C71988B00E37CCF /* AppDelegate.m */ = {isa = PBXFileReference; lastKnownFileType = sourcecode.c.objc; path = AppDelegate.m; sourceTree = "<group>"; };
		3C480F6E1C71988B00E37CCF /* ViewController.h */ = {isa = PBXFileReference; lastKnownFileType = sourcecode.c.h; path = ViewController.h; sourceTree = "<group>"; };
		3C480F6F1C71988B00E37CCF /* ViewController.m */ = {isa = PBXFileReference; lastKnownFileType = sourcecode.c.objc; path = ViewController.m; sourceTree = "<group>"; };
		3C480F741C71988B00E37CCF /* Assets.xcassets */ = {isa = PBXFileReference; lastKnownFileType = folder.assetcatalog; path = Assets.xcassets; sourceTree = "<group>"; };
		3C480F771C71988B00E37CCF /* Base */ = {isa = PBXFileReference; lastKnownFileType = file.storyboard; name = Base; path = Base.lproj/LaunchScreen.storyboard; sourceTree = "<group>"; };
		3C480F791C71988B00E37CCF /* Info.plist */ = {isa = PBXFileReference; lastKnownFileType = text.plist.xml; path = Info.plist; sourceTree = "<group>"; };
		3C480F981C74125900E37CCF /* ScrollImageView.h */ = {isa = PBXFileReference; fileEncoding = 4; lastKnownFileType = sourcecode.c.h; path = ScrollImageView.h; sourceTree = "<group>"; };
		3C480F991C74125900E37CCF /* ScrollImageView.m */ = {isa = PBXFileReference; fileEncoding = 4; lastKnownFileType = sourcecode.c.objc; path = ScrollImageView.m; sourceTree = "<group>"; };
/* End PBXFileReference section */

/* Begin PBXFrameworksBuildPhase section */
		3C480F621C71988B00E37CCF /* Frameworks */ = {
			isa = PBXFrameworksBuildPhase;
			buildActionMask = 2147483647;
			files = (
			);
			runOnlyForDeploymentPostprocessing = 0;
		};
/* End PBXFrameworksBuildPhase section */

/* Begin PBXGroup section */
		3C480F5C1C71988B00E37CCF = {
			isa = PBXGroup;
			children = (
				3C480F671C71988B00E37CCF /* 轮播图 */,
				3C480F661C71988B00E37CCF /* Products */,
			);
			sourceTree = "<group>";
		};
		3C480F661C71988B00E37CCF /* Products */ = {
			isa = PBXGroup;
			children = (
				3C480F651C71988B00E37CCF /* 轮播图.app */,
			);
			name = Products;
			sourceTree = "<group>";
		};
		3C480F671C71988B00E37CCF /* 轮播图 */ = {
			isa = PBXGroup;
			children = (
				3C480F6B1C71988B00E37CCF /* AppDelegate.h */,
				3C480F6C1C71988B00E37CCF /* AppDelegate.m */,
				3C480F6E1C71988B00E37CCF /* ViewController.h */,
				3C480F6F1C71988B00E37CCF /* ViewController.m */,
				3C480F741C71988B00E37CCF /* Assets.xcassets */,
				3C480F761C71988B00E37CCF /* LaunchScreen.storyboard */,
				3C480F791C71988B00E37CCF /* Info.plist */,
				3C480F681C71988B00E37CCF /* Supporting Files */,
				3C480F981C74125900E37CCF /* ScrollImageView.h */,
				3C480F991C74125900E37CCF /* ScrollImageView.m */,
			);
			path = "轮播图";
			sourceTree = "<group>";
		};
		3C480F681C71988B00E37CCF /* Supporting Files */ = {
			isa = PBXGroup;
			children = (
				3C480F691C71988B00E37CCF /* main.m */,
			);
			name = "Supporting Files";
			sourceTree = "<group>";
		};
/* End PBXGroup section */

/* Begin PBXNativeTarget section */
		3C480F641C71988B00E37CCF /* 轮播图 */ = {
			isa = PBXNativeTarget;
			buildConfigurationList = 3C480F7C1C71988B00E37CCF /* Build configuration list for PBXNativeTarget "轮播图" */;
			buildPhases = (
				3C480F611C71988B00E37CCF /* Sources */,
				3C480F621C71988B00E37CCF /* Frameworks */,
				3C480F631C71988B00E37CCF /* Resources */,
			);
			buildRules = (
			);
			dependencies = (
			);
			name = "轮播图";
			productName = "轮播图";
			productReference = 3C480F651C71988B00E37CCF /* 轮播图.app */;
			productType = "com.apple.product-type.application";
		};
/* End PBXNativeTarget section */

/* Begin PBXProject section */
		3C480F5D1C71988B00E37CCF /* Project object */ = {
			isa = PBXProject;
			attributes = {
				LastUpgradeCheck = 0720;
				ORGANIZATIONNAME = kamy;
				TargetAttributes = {
					3C480F641C71988B00E37CCF = {
						CreatedOnToolsVersion = 7.2;
					};
				};
			};
			buildConfigurationList = 3C480F601C71988B00E37CCF /* Build configuration list for PBXProject "轮播图" */;
			compatibilityVersion = "Xcode 3.2";
			developmentRegion = English;
			hasScannedForEncodings = 0;
			knownRegions = (
				en,
				Base,
			);
			mainGroup = 3C480F5C1C71988B00E37CCF;
			productRefGroup = 3C480F661C71988B00E37CCF /* Products */;
			projectDirPath = "";
			projectRoot = "";
			targets = (
				3C480F641C71988B00E37CCF /* 轮播图 */,
			);
		};
/* End PBXProject section */

/* Begin PBXResourcesBuildPhase section */
		3C480F631C71988B00E37CCF /* Resources */ = {
			isa = PBXResourcesBuildPhase;
			buildActionMask = 2147483647;
			files = (
				3C480F781C71988B00E37CCF /* LaunchScreen.storyboard in Resources */,
				3C480F751C71988B00E37CCF /* Assets.xcassets in Resources */,
			);
			runOnlyForDeploymentPostprocessing = 0;
		};
/* End PBXResourcesBuildPhase section */

/* Begin PBXSourcesBuildPhase section */
		3C480F611C71988B00E37CCF /* Sources */ = {
			isa = PBXSourcesBuildPhase;
			buildActionMask = 2147483647;
			files = (
				3C480F701C71988B00E37CCF /* ViewController.m in Sources */,
				3C480F9A1C74125900E37CCF /* ScrollImageView.m in Sources */,
				3C480F6D1C71988B00E37CCF /* AppDelegate.m in Sources */,
				3C480F6A1C71988B00E37CCF /* main.m in Sources */,
			);
			runOnlyForDeploymentPostprocessing = 0;
		};
/* End PBXSourcesBuildPhase section */

/* Begin PBXVariantGroup section */
		3C480F761C71988B00E37CCF /* LaunchScreen.storyboard */ = {
			isa = PBXVariantGroup;
			children = (
				3C480F771C71988B00E37CCF /* Base */,
			);
			name = LaunchScreen.storyboard;
			sourceTree = "<group>";
		};
/* End PBXVariantGroup section */

/* Begin XCBuildConfiguration section */
		3C480F7A1C71988B00E37CCF /* Debug */ = {
			isa = XCBuildConfiguration;
			buildSettings = {
				ALWAYS_SEARCH_USER_PATHS = NO;
				CLANG_CXX_LANGUAGE_STANDARD = "gnu++0x";
				CLANG_CXX_LIBRARY = "libc++";
				CLANG_ENABLE_MODULES = YES;
				CLANG_ENABLE_OBJC_ARC = YES;
				CLANG_WARN_BOOL_CONVERSION = YES;
				CLANG_WARN_CONSTANT_CONVERSION = YES;
				CLANG_WARN_DIRECT_OBJC_ISA_USAGE = YES_ERROR;
				CLANG_WARN_EMPTY_BODY = YES;
				CLANG_WARN_ENUM_CONVERSION = YES;
				CLANG_WARN_INT_CONVERSION = YES;
				CLANG_WARN_OBJC_ROOT_CLASS = YES_ERROR;
				CLANG_WARN_UNREACHABLE_CODE = YES;
				CLANG_WARN__DUPLICATE_METHOD_MATCH = YES;
				"CODE_SIGN_IDENTITY[sdk=iphoneos*]" = "iPhone Developer";
				COPY_PHASE_STRIP = NO;
				DEBUG_INFORMATION_FORMAT = dwarf;
				ENABLE_STRICT_OBJC_MSGSEND = YES;
				ENABLE_TESTABILITY = YES;
				GCC_C_LANGUAGE_STANDARD = gnu99;
				GCC_DYNAMIC_NO_PIC = NO;
				GCC_NO_COMMON_BLOCKS = YES;
				GCC_OPTIMIZATION_LEVEL = 0;
				GCC_PREPROCESSOR_DEFINITIONS = (
					"DEBUG=1",
					"$(inherited)",
				);
				GCC_WARN_64_TO_32_BIT_CONVERSION = YES;
				GCC_WARN_ABOUT_RETURN_TYPE = YES_ERROR;
				GCC_WARN_UNDECLARED_SELECTOR = YES;
				GCC_WARN_UNINITIALIZED_AUTOS = YES_AGGRESSIVE;
				GCC_WARN_UNUSED_FUNCTION = YES;
				GCC_WARN_UNUSED_VARIABLE = YES;
				IPHONEOS_DEPLOYMENT_TARGET = 9.2;
				MTL_ENABLE_DEBUG_INFO = YES;
				ONLY_ACTIVE_ARCH = YES;
				SDKROOT = iphoneos;
			};
			name = Debug;
		};
		3C480F7B1C71988B00E37CCF /* Release */ = {
			isa = XCBuildConfiguration;
			buildSettings = {
				ALWAYS_SEARCH_USER_PATHS = NO;
				CLANG_CXX_LANGUAGE_STANDARD = "gnu++0x";
				CLANG_CXX_LIBRARY = "libc++";
				CLANG_ENABLE_MODULES = YES;
				CLANG_ENABLE_OBJC_ARC = YES;
				CLANG_WARN_BOOL_CONVERSION = YES;
				CLANG_WARN_CONSTANT_CONVERSION = YES;
				CLANG_WARN_DIRECT_OBJC_ISA_USAGE = YES_ERROR;
				CLANG_WARN_EMPTY_BODY = YES;
				CLANG_WARN_ENUM_CONVERSION = YES;
				CLANG_WARN_INT_CONVERSION = YES;
				CLANG_WARN_OBJC_ROOT_CLASS = YES_ERROR;
				CLANG_WARN_UNREACHABLE_CODE = YES;
				CLANG_WARN__DUPLICATE_METHOD_MATCH = YES;
				"CODE_SIGN_IDENTITY[sdk=iphoneos*]" = "iPhone Developer";
				COPY_PHASE_STRIP = NO;
				DEBUG_INFORMATION_FORMAT = "dwarf-with-dsym";
				ENABLE_NS_ASSERTIONS = NO;
				ENABLE_STRICT_OBJC_MSGSEND = YES;
				GCC_C_LANGUAGE_STANDARD = gnu99;
				GCC_NO_COMMON_BLOCKS = YES;
				GCC_WARN_64_TO_32_BIT_CONVERSION = YES;
				GCC_WARN_ABOUT_RETURN_TYPE = YES_ERROR;
				GCC_WARN_UNDECLARED_SELECTOR = YES;
				GCC_WARN_UNINITIALIZED_AUTOS = YES_AGGRESSIVE;
				GCC_WARN_UNUSED_FUNCTION = YES;
				GCC_WARN_UNUSED_VARIABLE = YES;
				IPHONEOS_DEPLOYMENT_TARGET = 9.2;
				MTL_ENABLE_DEBUG_INFO = NO;
				SDKROOT = iphoneos;
				VALIDATE_PRODUCT = YES;
			};
			name = Release;
		};
		3C480F7D1C71988B00E37CCF /* Debug */ = {
			isa = XCBuildConfiguration;
			buildSettings = {
				ASSETCATALOG_COMPILER_APPICON_NAME = AppIcon;
				INFOPLIST_FILE = "轮播图/Info.plist";
				IPHONEOS_DEPLOYMENT_TARGET = 8.1;
				LD_RUNPATH_SEARCH_PATHS = "$(inherited) @executable_path/Frameworks";
				PRODUCT_BUNDLE_IDENTIFIER = "com.kamy.study.---";
				PRODUCT_NAME = "$(TARGET_NAME)";
				WARNING_CFLAGS = (
					"-Wno-unused-variable",
					"-Wno-shorten-64-to-32",
				);
			};
			name = Debug;
		};
		3C480F7E1C71988B00E37CCF /* Release */ = {
			isa = XCBuildConfiguration;
			buildSettings = {
				ASSETCATALOG_COMPILER_APPICON_NAME = AppIcon;
				INFOPLIST_FILE = "轮播图/Info.plist";
				IPHONEOS_DEPLOYMENT_TARGET = 8.1;
				LD_RUNPATH_SEARCH_PATHS = "$(inherited) @executable_path/Frameworks";
				PRODUCT_BUNDLE_IDENTIFIER = "com.kamy.study.---";
				PRODUCT_NAME = "$(TARGET_NAME)";
				WARNING_CFLAGS = (
					"-Wno-unused-variable",
					"-Wno-shorten-64-to-32",
				);
			};
			name = Release;
		};
/* End XCBuildConfiguration section */

/* Begin XCConfigurationList section */
		3C480F601C71988B00E37CCF /* Build configuration list for PBXProject "轮播图" */ = {
			isa = XCConfigurationList;
			buildConfigurations = (
				3C480F7A1C71988B00E37CCF /* Debug */,
				3C480F7B1C71988B00E37CCF /* Release */,
			);
			defaultConfigurationIsVisible = 0;
			defaultConfigurationName = Release;
		};
		3C480F7C1C71988B00E37CCF /* Build configuration list for PBXNativeTarget "轮播图" */ = {
			isa = XCConfigurationList;
			buildConfigurations = (
				3C480F7D1C71988B00E37CCF /* Debug */,
				3C480F7E1C71988B00E37CCF /* Release */,
			);
			defaultConfigurationIsVisible = 0;
		};
/* End XCConfigurationList section */
	};
	rootObject = 3C480F5D1C71988B00E37CCF /* Project object */;
}
